
Microsoft Visual Studio Solution File, Format Version 12.00
# Visual Studio Version 17
VisualStudioVersion = 17.9.34728.123
MinimumVisualStudioVersion = 10.0.40219.1
Project("{9A19103F-16F7-4668-BE54-9A1E7A4F7556}") = "SquaresConsole", "SquaresConsole\SquaresConsole.csproj", "{DD79D345-90FF-43B2-B0BE-FFB222123FE4}"
EndProject
Project("{9A19103F-16F7-4668-BE54-9A1E7A4F7556}") = "SquaresLibrary", "SquaresLibrary\SquaresLibrary.csproj", "{64DC1161-38DE-463B-80E1-0EB9447CCABE}"
EndProject
Project("{FAE04EC0-301F-11D3-BF4B-00C04F79EFBC}") = "TestLogic", "TestLogic\TestLogic.csproj", "{3863FC85-34D2-4056-9723-7DC287513D74}"
EndProject
Global
	GlobalSection(SolutionConfigurationPlatforms) = preSolution
		Debug|Any CPU = Debug|Any CPU
		Release|Any CPU = Release|Any CPU
	EndGlobalSection
	GlobalSection(ProjectConfigurationPlatforms) = postSolution
		{DD79D345-90FF-43B2-B0BE-FFB222123FE4}.Debug|Any CPU.ActiveCfg = Debug|Any CPU
		{DD79D345-90FF-43B2-B0BE-FFB222123FE4}.Debug|Any CPU.Build.0 = Debug|Any CPU
		{DD79D345-90FF-43B2-B0BE-FFB222123FE4}.Release|Any CPU.ActiveCfg = Release|Any CPU
		{DD79D345-90FF-43B2-B0BE-FFB222123FE4}.Release|Any CPU.Build.0 = Release|Any CPU
		{64DC1161-38DE-463B-80E1-0EB9447CCABE}.Debug|Any CPU.ActiveCfg = Debug|Any CPU
		{64DC1161-38DE-463B-80E1-0EB9447CCABE}.Debug|Any CPU.Build.0 = Debug|Any CPU
		{64DC1161-38DE-463B-80E1-0EB9447CCABE}.Release|Any CPU.ActiveCfg = Release|Any CPU
		{64DC1161-38DE-463B-80E1-0EB9447CCABE}.Release|Any CPU.Build.0 = Release|Any CPU
		{3863FC85-34D2-4056-9723-7DC287513D74}.Debug|Any CPU.ActiveCfg = Debug|Any CPU
		{3863FC85-34D2-4056-9723-7DC287513D74}.Debug|Any CPU.Build.0 = Debug|Any CPU
		{3863FC85-34D2-4056-9723-7DC287513D74}.Release|Any CPU.ActiveCfg = Release|Any CPU
		{3863FC85-34D2-4056-9723-7DC287513D74}.Release|Any CPU.Build.0 = Release|Any CPU
	EndGlobalSection
	GlobalSection(SolutionProperties) = preSolution
		HideSolutionNode = FALSE
	EndGlobalSection
	GlobalSection(ExtensibilityGlobals) = postSolution
		SolutionGuid = {A86C210E-8076-4586-9258-899A75F46C56}
	EndGlobalSection
EndGlobal
